
Microsoft Visual Studio Solution File, Format Version 12.00
# Visual Studio Version 16
VisualStudioVersion = 16.0.29424.173
MinimumVisualStudioVersion = 10.0.40219.1
Project("{FAE04EC0-301F-11D3-BF4B-00C04F79EFBC}") = "Uppgift1", "Uppgift1\Uppgift1.csproj", "{89E348ED-5FA2-4A4F-AE49-52794F24664B}"
EndProject
Project("{FAE04EC0-301F-11D3-BF4B-00C04F79EFBC}") = "Uppgift3", "Uppgift3\Uppgift3.csproj", "{942938D9-1F40-483F-892B-402A7C2E51B1}"
EndProject
Project("{FAE04EC0-301F-11D3-BF4B-00C04F79EFBC}") = "Uppgift4", "Uppgift4\Uppgift4.csproj", "{09F02C5F-0ECE-4B6E-9E11-7F89E154B3AB}"
EndProject
Project("{FAE04EC0-301F-11D3-BF4B-00C04F79EFBC}") = "Uppgift2", "Uppgift2\Uppgift2.csproj", "{E9DC9391-906A-4C31-B826-8A493808CED1}"
EndProject
Project("{FAE04EC0-301F-11D3-BF4B-00C04F79EFBC}") = "Uppgift5", "Uppgift5\Uppgift5.csproj", "{A02E4E65-445D-4CE5-B0D1-CFF032DCC32D}"
EndProject
Project("{FAE04EC0-301F-11D3-BF4B-00C04F79EFBC}") = "Uppgift6", "Uppgift6\Uppgift6.csproj", "{9E933566-DB5D-4867-BB6A-C1AAB51A6C03}"
EndProject
Project("{FAE04EC0-301F-11D3-BF4B-00C04F79EFBC}") = "Uppgift7", "Uppgift7\Uppgift7.csproj", "{674A9DB3-C356-48D0-918D-8ABF00E4B447}"
EndProject
Project("{FAE04EC0-301F-11D3-BF4B-00C04F79EFBC}") = "Uppgift8", "Uppgift8\Uppgift8.csproj", "{D63C2B95-A91F-4035-81E7-E4A2EADFE561}"
EndProject
Project("{FAE04EC0-301F-11D3-BF4B-00C04F79EFBC}") = "Uppgift9", "Uppgift9\Uppgift9.csproj", "{8F81F9DC-0BD2-4319-BBD2-61FE636716D4}"
EndProject
Project("{FAE04EC0-301F-11D3-BF4B-00C04F79EFBC}") = "Uppgift10", "Uppgift10\Uppgift10.csproj", "{6D92B2B6-1AB6-4A79-B873-A58B0CD8F93F}"
EndProject
Global
	GlobalSection(SolutionConfigurationPlatforms) = preSolution
		Debug|Any CPU = Debug|Any CPU
		Release|Any CPU = Release|Any CPU
	EndGlobalSection
	GlobalSection(ProjectConfigurationPlatforms) = postSolution
		{89E348ED-5FA2-4A4F-AE49-52794F24664B}.Debug|Any CPU.ActiveCfg = Debug|Any CPU
		{89E348ED-5FA2-4A4F-AE49-52794F24664B}.Debug|Any CPU.Build.0 = Debug|Any CPU
		{89E348ED-5FA2-4A4F-AE49-52794F24664B}.Release|Any CPU.ActiveCfg = Release|Any CPU
		{89E348ED-5FA2-4A4F-AE49-52794F24664B}.Release|Any CPU.Build.0 = Release|Any CPU
		{942938D9-1F40-483F-892B-402A7C2E51B1}.Debug|Any CPU.ActiveCfg = Debug|Any CPU
		{942938D9-1F40-483F-892B-402A7C2E51B1}.Debug|Any CPU.Build.0 = Debug|Any CPU
		{942938D9-1F40-483F-892B-402A7C2E51B1}.Release|Any CPU.ActiveCfg = Release|Any CPU
		{942938D9-1F40-483F-892B-402A7C2E51B1}.Release|Any CPU.Build.0 = Release|Any CPU
		{09F02C5F-0ECE-4B6E-9E11-7F89E154B3AB}.Debug|Any CPU.ActiveCfg = Debug|Any CPU
		{09F02C5F-0ECE-4B6E-9E11-7F89E154B3AB}.Debug|Any CPU.Build.0 = Debug|Any CPU
		{09F02C5F-0ECE-4B6E-9E11-7F89E154B3AB}.Release|Any CPU.ActiveCfg = Release|Any CPU
		{09F02C5F-0ECE-4B6E-9E11-7F89E154B3AB}.Release|Any CPU.Build.0 = Release|Any CPU
		{E9DC9391-906A-4C31-B826-8A493808CED1}.Debug|Any CPU.ActiveCfg = Debug|Any CPU
		{E9DC9391-906A-4C31-B826-8A493808CED1}.Debug|Any CPU.Build.0 = Debug|Any CPU
		{E9DC9391-906A-4C31-B826-8A493808CED1}.Release|Any CPU.ActiveCfg = Release|Any CPU
		{E9DC9391-906A-4C31-B826-8A493808CED1}.Release|Any CPU.Build.0 = Release|Any CPU
		{A02E4E65-445D-4CE5-B0D1-CFF032DCC32D}.Debug|Any CPU.ActiveCfg = Debug|Any CPU
		{A02E4E65-445D-4CE5-B0D1-CFF032DCC32D}.Debug|Any CPU.Build.0 = Debug|Any CPU
		{A02E4E65-445D-4CE5-B0D1-CFF032DCC32D}.Release|Any CPU.ActiveCfg = Release|Any CPU
		{A02E4E65-445D-4CE5-B0D1-CFF032DCC32D}.Release|Any CPU.Build.0 = Release|Any CPU
		{9E933566-DB5D-4867-BB6A-C1AAB51A6C03}.Debug|Any CPU.ActiveCfg = Debug|Any CPU
		{9E933566-DB5D-4867-BB6A-C1AAB51A6C03}.Debug|Any CPU.Build.0 = Debug|Any CPU
		{9E933566-DB5D-4867-BB6A-C1AAB51A6C03}.Release|Any CPU.ActiveCfg = Release|Any CPU
		{9E933566-DB5D-4867-BB6A-C1AAB51A6C03}.Release|Any CPU.Build.0 = Release|Any CPU
		{674A9DB3-C356-48D0-918D-8ABF00E4B447}.Debug|Any CPU.ActiveCfg = Debug|Any CPU
		{674A9DB3-C356-48D0-918D-8ABF00E4B447}.Debug|Any CPU.Build.0 = Debug|Any CPU
		{674A9DB3-C356-48D0-918D-8ABF00E4B447}.Release|Any CPU.ActiveCfg = Release|Any CPU
		{674A9DB3-C356-48D0-918D-8ABF00E4B447}.Release|Any CPU.Build.0 = Release|Any CPU
		{D63C2B95-A91F-4035-81E7-E4A2EADFE561}.Debug|Any CPU.ActiveCfg = Debug|Any CPU
		{D63C2B95-A91F-4035-81E7-E4A2EADFE561}.Debug|Any CPU.Build.0 = Debug|Any CPU
		{D63C2B95-A91F-4035-81E7-E4A2EADFE561}.Release|Any CPU.ActiveCfg = Release|Any CPU
		{D63C2B95-A91F-4035-81E7-E4A2EADFE561}.Release|Any CPU.Build.0 = Release|Any CPU
		{8F81F9DC-0BD2-4319-BBD2-61FE636716D4}.Debug|Any CPU.ActiveCfg = Debug|Any CPU
		{8F81F9DC-0BD2-4319-BBD2-61FE636716D4}.Debug|Any CPU.Build.0 = Debug|Any CPU
		{8F81F9DC-0BD2-4319-BBD2-61FE636716D4}.Release|Any CPU.ActiveCfg = Release|Any CPU
		{8F81F9DC-0BD2-4319-BBD2-61FE636716D4}.Release|Any CPU.Build.0 = Release|Any CPU
		{6D92B2B6-1AB6-4A79-B873-A58B0CD8F93F}.Debug|Any CPU.ActiveCfg = Debug|Any CPU
		{6D92B2B6-1AB6-4A79-B873-A58B0CD8F93F}.Debug|Any CPU.Build.0 = Debug|Any CPU
		{6D92B2B6-1AB6-4A79-B873-A58B0CD8F93F}.Release|Any CPU.ActiveCfg = Release|Any CPU
		{6D92B2B6-1AB6-4A79-B873-A58B0CD8F93F}.Release|Any CPU.Build.0 = Release|Any CPU
	EndGlobalSection
	GlobalSection(SolutionProperties) = preSolution
		HideSolutionNode = FALSE
	EndGlobalSection
	GlobalSection(ExtensibilityGlobals) = postSolution
		SolutionGuid = {B406D64B-9A92-4E12-824E-C23475E8EFC4}
	EndGlobalSection
EndGlobal
